
Microsoft Visual Studio Solution File, Format Version 12.00
# Visual Studio Version 17
VisualStudioVersion = 17.2.32505.173
MinimumVisualStudioVersion = 10.0.40219.1
Project("{FAE04EC0-301F-11D3-BF4B-00C04F79EFBC}") = "MvvmProgram", "MvvmProgram.csproj", "{FBDEDB57-CBB4-4449-947A-51DD08FE232B}"
EndProject
Project("{FAE04EC0-301F-11D3-BF4B-00C04F79EFBC}") = "ExMvvmCore", "..\ExMvvmCore\ExMvvmCore.csproj", "{135F2B8A-FC47-4925-AF05-3E903219ACB5}"
EndProject
Global
	GlobalSection(SolutionConfigurationPlatforms) = preSolution
		Debug|Any CPU = Debug|Any CPU
		Release|Any CPU = Release|Any CPU
	EndGlobalSection
	GlobalSection(ProjectConfigurationPlatforms) = postSolution
		{FBDEDB57-CBB4-4449-947A-51DD08FE232B}.Debug|Any CPU.ActiveCfg = Debug|Any CPU
		{FBDEDB57-CBB4-4449-947A-51DD08FE232B}.Debug|Any CPU.Build.0 = Debug|Any CPU
		{FBDEDB57-CBB4-4449-947A-51DD08FE232B}.Release|Any CPU.ActiveCfg = Release|Any CPU
		{FBDEDB57-CBB4-4449-947A-51DD08FE232B}.Release|Any CPU.Build.0 = Release|Any CPU
		{135F2B8A-FC47-4925-AF05-3E903219ACB5}.Debug|Any CPU.ActiveCfg = Debug|Any CPU
		{135F2B8A-FC47-4925-AF05-3E903219ACB5}.Debug|Any CPU.Build.0 = Debug|Any CPU
		{135F2B8A-FC47-4925-AF05-3E903219ACB5}.Release|Any CPU.ActiveCfg = Release|Any CPU
		{135F2B8A-FC47-4925-AF05-3E903219ACB5}.Release|Any CPU.Build.0 = Release|Any CPU
	EndGlobalSection
	GlobalSection(SolutionProperties) = preSolution
		HideSolutionNode = FALSE
	EndGlobalSection
	GlobalSection(ExtensibilityGlobals) = postSolution
		SolutionGuid = {8CF27198-5CD1-4838-8045-CC89B42003FB}
	EndGlobalSection
EndGlobal
